<Solution>
  <Folder Name="/src/">
    <Project Path="src/Bistable.App/Bistable.App.csproj" />
    <Project Path="src/Bistable.Core/Bistable.Core.csproj" />
    <Project Path="src/Bistable.Engine/Bistable.Engine.csproj" />
    <Project Path="src/Bistable.EngineHost/Bistable.EngineHost.csproj" />
    <Project Path="src/Bistable.Protocol/Bistable.Protocol.csproj" />
    <Project Path="src/Bistable.Verilator/Bistable.Verilator.csproj" />
    <Project Path="src/Bistable.Yosys/Bistable.Yosys.csproj" />
  </Folder>
  <Folder Name="/tests/">
    <Project Path="tests/Bistable.Tests/Bistable.Tests.csproj" />
    <Project Path="tests/Bistable.Regression/Bistable.Regression.csproj" />
    <Project Path="tests/Bistable.Snapshots/Bistable.Snapshots.csproj" />
    <Project Path="tests/Bistable.UiTests/Bistable.UiTests.csproj" />
  </Folder>
</Solution>
